// !$*UTF8*$!
{
	archiveVersion = 1;
	classes = {
	};
	objectVersion = 46;
	objects = {

/* Begin PBXBuildFile section */
		7728EA6719EA33EB0044B9E2 /* FrontPageViewController.m in Sources */ = {isa = PBXBuildFile; fileRef = 7728EA6619EA33EB0044B9E2 /* FrontPageViewController.m */; };
		7728EA6B19EA4DD80044B9E2 /* 30pxStarIcon.png in Resources */ = {isa = PBXBuildFile; fileRef = 7728EA6A19EA4DD80044B9E2 /* 30pxStarIcon.png */; };
		7728EA6D19EA5ED00044B9E2 /* 30pxTasksIcon.png in Resources */ = {isa = PBXBuildFile; fileRef = 7728EA6C19EA5ED00044B9E2 /* 30pxTasksIcon.png */; };
		7728EA6F19EA65000044B9E2 /* 44pxIEEE_Logo.jpeg in Resources */ = {isa = PBXBuildFile; fileRef = 7728EA6E19EA65000044B9E2 /* 44pxIEEE_Logo.jpeg */; };
		7728EA7219EA66460044B9E2 /* NewsFeedItem.m in Sources */ = {isa = PBXBuildFile; fileRef = 7728EA7119EA66460044B9E2 /* NewsFeedItem.m */; };
		7728EA7419EB2B6F0044B9E2 /* UCLA IEEE.png in Resources */ = {isa = PBXBuildFile; fileRef = 7728EA7319EB2B6F0044B9E2 /* UCLA IEEE.png */; };
		7728EA7719EB493D0044B9E2 /* SegueAbleNavigationController.m in Sources */ = {isa = PBXBuildFile; fileRef = 7728EA7619EB493D0044B9E2 /* SegueAbleNavigationController.m */; };
		7728EA8E19EBCD450044B9E2 /* HelpPage.m in Sources */ = {isa = PBXBuildFile; fileRef = 7728EA8D19EBCD450044B9E2 /* HelpPage.m */; };
		77A4216B19ECED6A00773547 /* CoreData.framework in Frameworks */ = {isa = PBXBuildFile; fileRef = 77A4216A19ECED6A00773547 /* CoreData.framework */; };
		77A4216E19ECEDA900773547 /* UserInfoStore.xcdatamodeld in Sources */ = {isa = PBXBuildFile; fileRef = 77A4216C19ECEDA900773547 /* UserInfoStore.xcdatamodeld */; };
		77A4217119EDB17A00773547 /* LoginNavController.m in Sources */ = {isa = PBXBuildFile; fileRef = 77A4217019EDB17A00773547 /* LoginNavController.m */; };
		77A4217419EDDC9400773547 /* EditYearViewController.m in Sources */ = {isa = PBXBuildFile; fileRef = 77A4217319EDDC9400773547 /* EditYearViewController.m */; };
		77A4217719EF692500773547 /* EventInfoViewController.m in Sources */ = {isa = PBXBuildFile; fileRef = 77A4217619EF692500773547 /* EventInfoViewController.m */; };
		77A4218019EF746C00773547 /* bullhorn_30px.png in Resources */ = {isa = PBXBuildFile; fileRef = 77A4217819EF746C00773547 /* bullhorn_30px.png */; };
		77A4218119EF746C00773547 /* calendar_30px.png in Resources */ = {isa = PBXBuildFile; fileRef = 77A4217919EF746C00773547 /* calendar_30px.png */; };
		77A4218219EF746C00773547 /* checkin_30px.png in Resources */ = {isa = PBXBuildFile; fileRef = 77A4217A19EF746C00773547 /* checkin_30px.png */; };
		77A4218319EF746C00773547 /* help_30px.png in Resources */ = {isa = PBXBuildFile; fileRef = 77A4217B19EF746C00773547 /* help_30px.png */; };
		77A4218419EF746C00773547 /* logout_30px.png in Resources */ = {isa = PBXBuildFile; fileRef = 77A4217C19EF746C00773547 /* logout_30px.png */; };
		77A4218519EF746C00773547 /* member_30px.png in Resources */ = {isa = PBXBuildFile; fileRef = 77A4217D19EF746C00773547 /* member_30px.png */; };
		77A4218619EF746C00773547 /* points_30px.png in Resources */ = {isa = PBXBuildFile; fileRef = 77A4217E19EF746C00773547 /* points_30px.png */; };
		77A4218719EF746C00773547 /* star_30px.png in Resources */ = {isa = PBXBuildFile; fileRef = 77A4217F19EF746C00773547 /* star_30px.png */; };
		77A4218919EF75BA00773547 /* membershippage.png in Resources */ = {isa = PBXBuildFile; fileRef = 77A4218819EF75BA00773547 /* membershippage.png */; };
		77A4218B19EF9AF500773547 /* Images.xcassets in Resources */ = {isa = PBXBuildFile; fileRef = 77A4218A19EF9AF500773547 /* Images.xcassets */; };
		77A6BEBE19E4F2B80049B4FD /* IEEE_logo.jpg in Resources */ = {isa = PBXBuildFile; fileRef = 77A6BEBD19E4F2B80049B4FD /* IEEE_logo.jpg */; };
		77A92F4419B69D9F00430C23 /* Foundation.framework in Frameworks */ = {isa = PBXBuildFile; fileRef = 77A92F4319B69D9F00430C23 /* Foundation.framework */; };
		77A92F4619B69D9F00430C23 /* CoreGraphics.framework in Frameworks */ = {isa = PBXBuildFile; fileRef = 77A92F4519B69D9F00430C23 /* CoreGraphics.framework */; };
		77A92F4819B69D9F00430C23 /* UIKit.framework in Frameworks */ = {isa = PBXBuildFile; fileRef = 77A92F4719B69D9F00430C23 /* UIKit.framework */; };
		77A92F4E19B69D9F00430C23 /* InfoPlist.strings in Resources */ = {isa = PBXBuildFile; fileRef = 77A92F4C19B69D9F00430C23 /* InfoPlist.strings */; };
		77A92F5019B69D9F00430C23 /* main.m in Sources */ = {isa = PBXBuildFile; fileRef = 77A92F4F19B69D9F00430C23 /* main.m */; };
		77A92F5419B69D9F00430C23 /* AppDelegate.m in Sources */ = {isa = PBXBuildFile; fileRef = 77A92F5319B69D9F00430C23 /* AppDelegate.m */; };
		77A92F5A19B69D9F00430C23 /* ViewController.m in Sources */ = {isa = PBXBuildFile; fileRef = 77A92F5919B69D9F00430C23 /* ViewController.m */; };
		77A92F5C19B69D9F00430C23 /* Images.xcassets in Resources */ = {isa = PBXBuildFile; fileRef = 77A92F5B19B69D9F00430C23 /* Images.xcassets */; };
		77A92F6319B69D9F00430C23 /* XCTest.framework in Frameworks */ = {isa = PBXBuildFile; fileRef = 77A92F6219B69D9F00430C23 /* XCTest.framework */; };
		77A92F6419B69D9F00430C23 /* Foundation.framework in Frameworks */ = {isa = PBXBuildFile; fileRef = 77A92F4319B69D9F00430C23 /* Foundation.framework */; };
		77A92F6519B69D9F00430C23 /* UIKit.framework in Frameworks */ = {isa = PBXBuildFile; fileRef = 77A92F4719B69D9F00430C23 /* UIKit.framework */; };
		77A92F6D19B69D9F00430C23 /* InfoPlist.strings in Resources */ = {isa = PBXBuildFile; fileRef = 77A92F6B19B69D9F00430C23 /* InfoPlist.strings */; };
		77A92F6F19B69D9F00430C23 /* UCLA_IEEETests.m in Sources */ = {isa = PBXBuildFile; fileRef = 77A92F6E19B69D9F00430C23 /* UCLA_IEEETests.m */; };
		77A92F7919B69DB700430C23 /* Main.storyboard in Resources */ = {isa = PBXBuildFile; fileRef = 77A92F7819B69DB700430C23 /* Main.storyboard */; };
		77A92F7C19B69DF200430C23 /* DataManager.m in Sources */ = {isa = PBXBuildFile; fileRef = 77A92F7B19B69DF200430C23 /* DataManager.m */; };
		77A92F7F19B69E3800430C23 /* UserInfo.m in Sources */ = {isa = PBXBuildFile; fileRef = 77A92F7E19B69E3800430C23 /* UserInfo.m */; };
		77A9986F19E7B63B0021070B /* Reachability.m in Sources */ = {isa = PBXBuildFile; fileRef = 77A9986E19E7B63B0021070B /* Reachability.m */; };
		77A9987119E7B6720021070B /* SystemConfiguration.framework in Frameworks */ = {isa = PBXBuildFile; fileRef = 77A9987019E7B6720021070B /* SystemConfiguration.framework */; };
		77A9987419E7C1850021070B /* CalendarEvent.m in Sources */ = {isa = PBXBuildFile; fileRef = 77A9987319E7C1850021070B /* CalendarEvent.m */; };
		77BE77D519B6ACA300097F66 /* RegisterViewController.m in Sources */ = {isa = PBXBuildFile; fileRef = 77BE77D419B6ACA300097F66 /* RegisterViewController.m */; };
		77BE77D819B6AD6900097F66 /* LoginViewController.m in Sources */ = {isa = PBXBuildFile; fileRef = 77BE77D719B6AD6900097F66 /* LoginViewController.m */; };
		77BE77EA19B6E5CF00097F66 /* 30pxBellIcon.png in Resources */ = {isa = PBXBuildFile; fileRef = 77BE77E719B6E5CF00097F66 /* 30pxBellIcon.png */; };
		77BE77EB19B6E5CF00097F66 /* 30pxCalendarIcon.png in Resources */ = {isa = PBXBuildFile; fileRef = 77BE77E819B6E5CF00097F66 /* 30pxCalendarIcon.png */; };
		77BE77EC19B6E5CF00097F66 /* 30pxProfileIcon.png in Resources */ = {isa = PBXBuildFile; fileRef = 77BE77E919B6E5CF00097F66 /* 30pxProfileIcon.png */; };
		77BE77EF19B95F1700097F66 /* ProfilePageViewController.m in Sources */ = {isa = PBXBuildFile; fileRef = 77BE77EE19B95F1700097F66 /* ProfilePageViewController.m */; };
		77C1277719B9669E007E3F53 /* EditDetailsViewController.m in Sources */ = {isa = PBXBuildFile; fileRef = 77C1277619B9669E007E3F53 /* EditDetailsViewController.m */; };
		77C1277A19B998FE007E3F53 /* EditPasswordViewController.m in Sources */ = {isa = PBXBuildFile; fileRef = 77C1277919B998FE007E3F53 /* EditPasswordViewController.m */; };
		77C1278019BA8E2F007E3F53 /* AnnouncementsTableViewController.m in Sources */ = {isa = PBXBuildFile; fileRef = 77C1277F19BA8E2F007E3F53 /* AnnouncementsTableViewController.m */; };
		77C127C419BBF52C007E3F53 /* Announcement.m in Sources */ = {isa = PBXBuildFile; fileRef = 77C127C319BBF52C007E3F53 /* Announcement.m */; };
		77C127C719BCDAC8007E3F53 /* CalendarViewController.m in Sources */ = {isa = PBXBuildFile; fileRef = 77C127C619BCDAC8007E3F53 /* CalendarViewController.m */; };
		77C127D819C1064C007E3F53 /* 30pxBarcodeIcon.png in Resources */ = {isa = PBXBuildFile; fileRef = 77C127D719C1064C007E3F53 /* 30pxBarcodeIcon.png */; };
		77C127DB19C109E7007E3F53 /* CheckInViewController.m in Sources */ = {isa = PBXBuildFile; fileRef = 77C127DA19C109E7007E3F53 /* CheckInViewController.m */; };
		77C127DF19C11A3E007E3F53 /* Event.m in Sources */ = {isa = PBXBuildFile; fileRef = 77C127DE19C11A3E007E3F53 /* Event.m */; };
		77CA03EB19D9F4D400049169 /* MNCalendarHeaderView.m in Sources */ = {isa = PBXBuildFile; fileRef = 77CA03DB19D9F4D400049169 /* MNCalendarHeaderView.m */; };
		77CA03EC19D9F4D400049169 /* MNCalendarView.m in Sources */ = {isa = PBXBuildFile; fileRef = 77CA03DE19D9F4D400049169 /* MNCalendarView.m */; };
		77CA03ED19D9F4D400049169 /* MNCalendarViewCell.m in Sources */ = {isa = PBXBuildFile; fileRef = 77CA03E019D9F4D400049169 /* MNCalendarViewCell.m */; };
		77CA03EE19D9F4D400049169 /* MNCalendarViewDayCell.m in Sources */ = {isa = PBXBuildFile; fileRef = 77CA03E219D9F4D400049169 /* MNCalendarViewDayCell.m */; };
		77CA03EF19D9F4D400049169 /* MNCalendarViewLayout.m in Sources */ = {isa = PBXBuildFile; fileRef = 77CA03E419D9F4D400049169 /* MNCalendarViewLayout.m */; };
		77CA03F019D9F4D400049169 /* MNCalendarViewWeekdayCell.m in Sources */ = {isa = PBXBuildFile; fileRef = 77CA03E619D9F4D400049169 /* MNCalendarViewWeekdayCell.m */; };
		77CA03F119D9F4D400049169 /* MNFastDateEnumeration.m in Sources */ = {isa = PBXBuildFile; fileRef = 77CA03E819D9F4D400049169 /* MNFastDateEnumeration.m */; };
		77CA03F219D9F4D400049169 /* NSDate+MNAdditions.m in Sources */ = {isa = PBXBuildFile; fileRef = 77CA03EA19D9F4D400049169 /* NSDate+MNAdditions.m */; };
/* End PBXBuildFile section */

/* Begin PBXContainerItemProxy section */
		77A92F6619B69D9F00430C23 /* PBXContainerItemProxy */ = {
			isa = PBXContainerItemProxy;
			containerPortal = 77A92F3819B69D9F00430C23 /* Project object */;
			proxyType = 1;
			remoteGlobalIDString = 77A92F3F19B69D9F00430C23;
			remoteInfo = "UCLA IEEE";
		};
/* End PBXContainerItemProxy section */

/* Begin PBXFileReference section */
		7728EA6519EA33EB0044B9E2 /* FrontPageViewController.h */ = {isa = PBXFileReference; fileEncoding = 4; lastKnownFileType = sourcecode.c.h; path = FrontPageViewController.h; sourceTree = "<group>"; };
		7728EA6619EA33EB0044B9E2 /* FrontPageViewController.m */ = {isa = PBXFileReference; fileEncoding = 4; lastKnownFileType = sourcecode.c.objc; path = FrontPageViewController.m; sourceTree = "<group>"; };
		7728EA6A19EA4DD80044B9E2 /* 30pxStarIcon.png */ = {isa = PBXFileReference; lastKnownFileType = image.png; path = 30pxStarIcon.png; sourceTree = "<group>"; };
		7728EA6C19EA5ED00044B9E2 /* 30pxTasksIcon.png */ = {isa = PBXFileReference; lastKnownFileType = image.png; path = 30pxTasksIcon.png; sourceTree = "<group>"; };
		7728EA6E19EA65000044B9E2 /* 44pxIEEE_Logo.jpeg */ = {isa = PBXFileReference; lastKnownFileType = image.jpeg; path = 44pxIEEE_Logo.jpeg; sourceTree = "<group>"; };
		7728EA7019EA66460044B9E2 /* NewsFeedItem.h */ = {isa = PBXFileReference; fileEncoding = 4; lastKnownFileType = sourcecode.c.h; path = NewsFeedItem.h; sourceTree = "<group>"; };
		7728EA7119EA66460044B9E2 /* NewsFeedItem.m */ = {isa = PBXFileReference; fileEncoding = 4; lastKnownFileType = sourcecode.c.objc; path = NewsFeedItem.m; sourceTree = "<group>"; };
		7728EA7319EB2B6F0044B9E2 /* UCLA IEEE.png */ = {isa = PBXFileReference; lastKnownFileType = image.png; path = "UCLA IEEE.png"; sourceTree = "<group>"; };
		7728EA7519EB493D0044B9E2 /* SegueAbleNavigationController.h */ = {isa = PBXFileReference; fileEncoding = 4; lastKnownFileType = sourcecode.c.h; name = SegueAbleNavigationController.h; path = ../SegueAbleNavigationController.h; sourceTree = "<group>"; };
		7728EA7619EB493D0044B9E2 /* SegueAbleNavigationController.m */ = {isa = PBXFileReference; fileEncoding = 4; lastKnownFileType = sourcecode.c.objc; name = SegueAbleNavigationController.m; path = ../SegueAbleNavigationController.m; sourceTree = "<group>"; };
		7728EA8C19EBCD450044B9E2 /* HelpPage.h */ = {isa = PBXFileReference; fileEncoding = 4; lastKnownFileType = sourcecode.c.h; path = HelpPage.h; sourceTree = "<group>"; };
		7728EA8D19EBCD450044B9E2 /* HelpPage.m */ = {isa = PBXFileReference; fileEncoding = 4; lastKnownFileType = sourcecode.c.objc; path = HelpPage.m; sourceTree = "<group>"; };
		77A4216A19ECED6A00773547 /* CoreData.framework */ = {isa = PBXFileReference; lastKnownFileType = wrapper.framework; name = CoreData.framework; path = System/Library/Frameworks/CoreData.framework; sourceTree = SDKROOT; };
		77A4216D19ECEDA900773547 /* UserInfoStore.xcdatamodel */ = {isa = PBXFileReference; lastKnownFileType = wrapper.xcdatamodel; path = UserInfoStore.xcdatamodel; sourceTree = "<group>"; };
		77A4216F19EDB17A00773547 /* LoginNavController.h */ = {isa = PBXFileReference; fileEncoding = 4; lastKnownFileType = sourcecode.c.h; path = LoginNavController.h; sourceTree = "<group>"; };
		77A4217019EDB17A00773547 /* LoginNavController.m */ = {isa = PBXFileReference; fileEncoding = 4; lastKnownFileType = sourcecode.c.objc; path = LoginNavController.m; sourceTree = "<group>"; };
		77A4217219EDDC9400773547 /* EditYearViewController.h */ = {isa = PBXFileReference; fileEncoding = 4; lastKnownFileType = sourcecode.c.h; path = EditYearViewController.h; sourceTree = "<group>"; };
		77A4217319EDDC9400773547 /* EditYearViewController.m */ = {isa = PBXFileReference; fileEncoding = 4; lastKnownFileType = sourcecode.c.objc; path = EditYearViewController.m; sourceTree = "<group>"; };
		77A4217519EF692500773547 /* EventInfoViewController.h */ = {isa = PBXFileReference; fileEncoding = 4; lastKnownFileType = sourcecode.c.h; path = EventInfoViewController.h; sourceTree = "<group>"; };
		77A4217619EF692500773547 /* EventInfoViewController.m */ = {isa = PBXFileReference; fileEncoding = 4; lastKnownFileType = sourcecode.c.objc; path = EventInfoViewController.m; sourceTree = "<group>"; };
		77A4217819EF746C00773547 /* bullhorn_30px.png */ = {isa = PBXFileReference; lastKnownFileType = image.png; path = bullhorn_30px.png; sourceTree = "<group>"; };
		77A4217919EF746C00773547 /* calendar_30px.png */ = {isa = PBXFileReference; lastKnownFileType = image.png; path = calendar_30px.png; sourceTree = "<group>"; };
		77A4217A19EF746C00773547 /* checkin_30px.png */ = {isa = PBXFileReference; lastKnownFileType = image.png; path = checkin_30px.png; sourceTree = "<group>"; };
		77A4217B19EF746C00773547 /* help_30px.png */ = {isa = PBXFileReference; lastKnownFileType = image.png; path = help_30px.png; sourceTree = "<group>"; };
		77A4217C19EF746C00773547 /* logout_30px.png */ = {isa = PBXFileReference; lastKnownFileType = image.png; path = logout_30px.png; sourceTree = "<group>"; };
		77A4217D19EF746C00773547 /* member_30px.png */ = {isa = PBXFileReference; lastKnownFileType = image.png; path = member_30px.png; sourceTree = "<group>"; };
		77A4217E19EF746C00773547 /* points_30px.png */ = {isa = PBXFileReference; lastKnownFileType = image.png; path = points_30px.png; sourceTree = "<group>"; };
		77A4217F19EF746C00773547 /* star_30px.png */ = {isa = PBXFileReference; lastKnownFileType = image.png; path = star_30px.png; sourceTree = "<group>"; };
		77A4218819EF75BA00773547 /* membershippage.png */ = {isa = PBXFileReference; lastKnownFileType = image.png; path = membershippage.png; sourceTree = "<group>"; };
		77A4218A19EF9AF500773547 /* Images.xcassets */ = {isa = PBXFileReference; lastKnownFileType = folder.assetcatalog; path = Images.xcassets; sourceTree = "<group>"; };
		77A6BEBD19E4F2B80049B4FD /* IEEE_logo.jpg */ = {isa = PBXFileReference; lastKnownFileType = image.jpeg; path = IEEE_logo.jpg; sourceTree = "<group>"; };
		77A92F4019B69D9F00430C23 /* UCLA IEEE.app */ = {isa = PBXFileReference; explicitFileType = wrapper.application; includeInIndex = 0; path = "UCLA IEEE.app"; sourceTree = BUILT_PRODUCTS_DIR; };
		77A92F4319B69D9F00430C23 /* Foundation.framework */ = {isa = PBXFileReference; lastKnownFileType = wrapper.framework; name = Foundation.framework; path = System/Library/Frameworks/Foundation.framework; sourceTree = SDKROOT; };
		77A92F4519B69D9F00430C23 /* CoreGraphics.framework */ = {isa = PBXFileReference; lastKnownFileType = wrapper.framework; name = CoreGraphics.framework; path = System/Library/Frameworks/CoreGraphics.framework; sourceTree = SDKROOT; };
		77A92F4719B69D9F00430C23 /* UIKit.framework */ = {isa = PBXFileReference; lastKnownFileType = wrapper.framework; name = UIKit.framework; path = System/Library/Frameworks/UIKit.framework; sourceTree = SDKROOT; };
		77A92F4B19B69D9F00430C23 /* UCLA IEEE-Info.plist */ = {isa = PBXFileReference; lastKnownFileType = text.plist.xml; path = "UCLA IEEE-Info.plist"; sourceTree = "<group>"; };
		77A92F4D19B69D9F00430C23 /* en */ = {isa = PBXFileReference; lastKnownFileType = text.plist.strings; name = en; path = en.lproj/InfoPlist.strings; sourceTree = "<group>"; };
		77A92F4F19B69D9F00430C23 /* main.m */ = {isa = PBXFileReference; lastKnownFileType = sourcecode.c.objc; path = main.m; sourceTree = "<group>"; };
		77A92F5119B69D9F00430C23 /* UCLA IEEE-Prefix.pch */ = {isa = PBXFileReference; lastKnownFileType = sourcecode.c.h; path = "UCLA IEEE-Prefix.pch"; sourceTree = "<group>"; };
		77A92F5219B69D9F00430C23 /* AppDelegate.h */ = {isa = PBXFileReference; lastKnownFileType = sourcecode.c.h; path = AppDelegate.h; sourceTree = "<group>"; };
		77A92F5319B69D9F00430C23 /* AppDelegate.m */ = {isa = PBXFileReference; lastKnownFileType = sourcecode.c.objc; path = AppDelegate.m; sourceTree = "<group>"; };
		77A92F5819B69D9F00430C23 /* ViewController.h */ = {isa = PBXFileReference; lastKnownFileType = sourcecode.c.h; path = ViewController.h; sourceTree = "<group>"; };
		77A92F5919B69D9F00430C23 /* ViewController.m */ = {isa = PBXFileReference; lastKnownFileType = sourcecode.c.objc; path = ViewController.m; sourceTree = "<group>"; };
		77A92F5B19B69D9F00430C23 /* Images.xcassets */ = {isa = PBXFileReference; lastKnownFileType = folder.assetcatalog; path = Images.xcassets; sourceTree = "<group>"; };
		77A92F6119B69D9F00430C23 /* UCLA IEEETests.xctest */ = {isa = PBXFileReference; explicitFileType = wrapper.cfbundle; includeInIndex = 0; path = "UCLA IEEETests.xctest"; sourceTree = BUILT_PRODUCTS_DIR; };
		77A92F6219B69D9F00430C23 /* XCTest.framework */ = {isa = PBXFileReference; lastKnownFileType = wrapper.framework; name = XCTest.framework; path = Library/Frameworks/XCTest.framework; sourceTree = DEVELOPER_DIR; };
		77A92F6A19B69D9F00430C23 /* UCLA IEEETests-Info.plist */ = {isa = PBXFileReference; lastKnownFileType = text.plist.xml; path = "UCLA IEEETests-Info.plist"; sourceTree = "<group>"; };
		77A92F6C19B69D9F00430C23 /* en */ = {isa = PBXFileReference; lastKnownFileType = text.plist.strings; name = en; path = en.lproj/InfoPlist.strings; sourceTree = "<group>"; };
		77A92F6E19B69D9F00430C23 /* UCLA_IEEETests.m */ = {isa = PBXFileReference; lastKnownFileType = sourcecode.c.objc; path = UCLA_IEEETests.m; sourceTree = "<group>"; };
		77A92F7819B69DB700430C23 /* Main.storyboard */ = {isa = PBXFileReference; fileEncoding = 4; lastKnownFileType = file.storyboard; path = Main.storyboard; sourceTree = "<group>"; };
		77A92F7A19B69DF200430C23 /* DataManager.h */ = {isa = PBXFileReference; fileEncoding = 4; lastKnownFileType = sourcecode.c.h; path = DataManager.h; sourceTree = "<group>"; };
		77A92F7B19B69DF200430C23 /* DataManager.m */ = {isa = PBXFileReference; fileEncoding = 4; lastKnownFileType = sourcecode.c.objc; path = DataManager.m; sourceTree = "<group>"; };
		77A92F7D19B69E3800430C23 /* UserInfo.h */ = {isa = PBXFileReference; fileEncoding = 4; lastKnownFileType = sourcecode.c.h; path = UserInfo.h; sourceTree = "<group>"; };
		77A92F7E19B69E3800430C23 /* UserInfo.m */ = {isa = PBXFileReference; fileEncoding = 4; lastKnownFileType = sourcecode.c.objc; path = UserInfo.m; sourceTree = "<group>"; };
		77A9986D19E7B63B0021070B /* Reachability.h */ = {isa = PBXFileReference; fileEncoding = 4; lastKnownFileType = sourcecode.c.h; path = Reachability.h; sourceTree = "<group>"; };
		77A9986E19E7B63B0021070B /* Reachability.m */ = {isa = PBXFileReference; fileEncoding = 4; lastKnownFileType = sourcecode.c.objc; path = Reachability.m; sourceTree = "<group>"; };
		77A9987019E7B6720021070B /* SystemConfiguration.framework */ = {isa = PBXFileReference; lastKnownFileType = wrapper.framework; name = SystemConfiguration.framework; path = System/Library/Frameworks/SystemConfiguration.framework; sourceTree = SDKROOT; };
		77A9987219E7C1850021070B /* CalendarEvent.h */ = {isa = PBXFileReference; fileEncoding = 4; lastKnownFileType = sourcecode.c.h; path = CalendarEvent.h; sourceTree = "<group>"; };
		77A9987319E7C1850021070B /* CalendarEvent.m */ = {isa = PBXFileReference; fileEncoding = 4; lastKnownFileType = sourcecode.c.objc; path = CalendarEvent.m; sourceTree = "<group>"; };
		77BE77D319B6ACA300097F66 /* RegisterViewController.h */ = {isa = PBXFileReference; fileEncoding = 4; lastKnownFileType = sourcecode.c.h; name = RegisterViewController.h; path = "UCLA IEEE/RegisterViewController.h"; sourceTree = "<group>"; };
		77BE77D419B6ACA300097F66 /* RegisterViewController.m */ = {isa = PBXFileReference; fileEncoding = 4; lastKnownFileType = sourcecode.c.objc; name = RegisterViewController.m; path = "UCLA IEEE/RegisterViewController.m"; sourceTree = "<group>"; };
		77BE77D619B6AD6900097F66 /* LoginViewController.h */ = {isa = PBXFileReference; fileEncoding = 4; lastKnownFileType = sourcecode.c.h; name = LoginViewController.h; path = "UCLA IEEE/LoginViewController.h"; sourceTree = "<group>"; };
		77BE77D719B6AD6900097F66 /* LoginViewController.m */ = {isa = PBXFileReference; fileEncoding = 4; lastKnownFileType = sourcecode.c.objc; name = LoginViewController.m; path = "UCLA IEEE/LoginViewController.m"; sourceTree = "<group>"; };
		77BE77E719B6E5CF00097F66 /* 30pxBellIcon.png */ = {isa = PBXFileReference; lastKnownFileType = image.png; path = 30pxBellIcon.png; sourceTree = "<group>"; };
		77BE77E819B6E5CF00097F66 /* 30pxCalendarIcon.png */ = {isa = PBXFileReference; lastKnownFileType = image.png; path = 30pxCalendarIcon.png; sourceTree = "<group>"; };
		77BE77E919B6E5CF00097F66 /* 30pxProfileIcon.png */ = {isa = PBXFileReference; lastKnownFileType = image.png; path = 30pxProfileIcon.png; sourceTree = "<group>"; };
		77BE77ED19B95F1700097F66 /* ProfilePageViewController.h */ = {isa = PBXFileReference; fileEncoding = 4; lastKnownFileType = sourcecode.c.h; path = ProfilePageViewController.h; sourceTree = "<group>"; };
		77BE77EE19B95F1700097F66 /* ProfilePageViewController.m */ = {isa = PBXFileReference; fileEncoding = 4; lastKnownFileType = sourcecode.c.objc; path = ProfilePageViewController.m; sourceTree = "<group>"; };
		77C1277519B9669E007E3F53 /* EditDetailsViewController.h */ = {isa = PBXFileReference; fileEncoding = 4; lastKnownFileType = sourcecode.c.h; path = EditDetailsViewController.h; sourceTree = "<group>"; };
		77C1277619B9669E007E3F53 /* EditDetailsViewController.m */ = {isa = PBXFileReference; fileEncoding = 4; lastKnownFileType = sourcecode.c.objc; path = EditDetailsViewController.m; sourceTree = "<group>"; };
		77C1277819B998FE007E3F53 /* EditPasswordViewController.h */ = {isa = PBXFileReference; fileEncoding = 4; lastKnownFileType = sourcecode.c.h; name = EditPasswordViewController.h; path = "UCLA IEEE/EditPasswordViewController.h"; sourceTree = "<group>"; };
		77C1277919B998FE007E3F53 /* EditPasswordViewController.m */ = {isa = PBXFileReference; fileEncoding = 4; lastKnownFileType = sourcecode.c.objc; name = EditPasswordViewController.m; path = "UCLA IEEE/EditPasswordViewController.m"; sourceTree = "<group>"; };
		77C1277E19BA8E2F007E3F53 /* AnnouncementsTableViewController.h */ = {isa = PBXFileReference; fileEncoding = 4; lastKnownFileType = sourcecode.c.h; path = AnnouncementsTableViewController.h; sourceTree = "<group>"; };
		77C1277F19BA8E2F007E3F53 /* AnnouncementsTableViewController.m */ = {isa = PBXFileReference; fileEncoding = 4; lastKnownFileType = sourcecode.c.objc; path = AnnouncementsTableViewController.m; sourceTree = "<group>"; };
		77C127C219BBF52C007E3F53 /* Announcement.h */ = {isa = PBXFileReference; fileEncoding = 4; lastKnownFileType = sourcecode.c.h; name = Announcement.h; path = ../Announcement.h; sourceTree = "<group>"; };
		77C127C319BBF52C007E3F53 /* Announcement.m */ = {isa = PBXFileReference; fileEncoding = 4; lastKnownFileType = sourcecode.c.objc; name = Announcement.m; path = ../Announcement.m; sourceTree = "<group>"; };
		77C127C519BCDAC8007E3F53 /* CalendarViewController.h */ = {isa = PBXFileReference; fileEncoding = 4; lastKnownFileType = sourcecode.c.h; path = CalendarViewController.h; sourceTree = "<group>"; };
		77C127C619BCDAC8007E3F53 /* CalendarViewController.m */ = {isa = PBXFileReference; fileEncoding = 4; lastKnownFileType = sourcecode.c.objc; path = CalendarViewController.m; sourceTree = "<group>"; };
		77C127D719C1064C007E3F53 /* 30pxBarcodeIcon.png */ = {isa = PBXFileReference; lastKnownFileType = image.png; path = 30pxBarcodeIcon.png; sourceTree = "<group>"; };
		77C127D919C109E7007E3F53 /* CheckInViewController.h */ = {isa = PBXFileReference; fileEncoding = 4; lastKnownFileType = sourcecode.c.h; name = CheckInViewController.h; path = "UCLA IEEE/CheckInViewController.h"; sourceTree = "<group>"; };
		77C127DA19C109E7007E3F53 /* CheckInViewController.m */ = {isa = PBXFileReference; fileEncoding = 4; lastKnownFileType = sourcecode.c.objc; name = CheckInViewController.m; path = "UCLA IEEE/CheckInViewController.m"; sourceTree = "<group>"; };
		77C127DD19C11A3E007E3F53 /* Event.h */ = {isa = PBXFileReference; fileEncoding = 4; lastKnownFileType = sourcecode.c.h; path = Event.h; sourceTree = "<group>"; };
		77C127DE19C11A3E007E3F53 /* Event.m */ = {isa = PBXFileReference; fileEncoding = 4; lastKnownFileType = sourcecode.c.objc; path = Event.m; sourceTree = "<group>"; };
		77CA03DA19D9F4D400049169 /* MNCalendarHeaderView.h */ = {isa = PBXFileReference; fileEncoding = 4; lastKnownFileType = sourcecode.c.h; path = MNCalendarHeaderView.h; sourceTree = "<group>"; };
		77CA03DB19D9F4D400049169 /* MNCalendarHeaderView.m */ = {isa = PBXFileReference; fileEncoding = 4; lastKnownFileType = sourcecode.c.objc; path = MNCalendarHeaderView.m; sourceTree = "<group>"; };
		77CA03DC19D9F4D400049169 /* MNCalendarView-Prefix.pch */ = {isa = PBXFileReference; fileEncoding = 4; lastKnownFileType = sourcecode.c.h; path = "MNCalendarView-Prefix.pch"; sourceTree = "<group>"; };
		77CA03DD19D9F4D400049169 /* MNCalendarView.h */ = {isa = PBXFileReference; fileEncoding = 4; lastKnownFileType = sourcecode.c.h; path = MNCalendarView.h; sourceTree = "<group>"; };
		77CA03DE19D9F4D400049169 /* MNCalendarView.m */ = {isa = PBXFileReference; fileEncoding = 4; lastKnownFileType = sourcecode.c.objc; path = MNCalendarView.m; sourceTree = "<group>"; };
		77CA03DF19D9F4D400049169 /* MNCalendarViewCell.h */ = {isa = PBXFileReference; fileEncoding = 4; lastKnownFileType = sourcecode.c.h; path = MNCalendarViewCell.h; sourceTree = "<group>"; };
		77CA03E019D9F4D400049169 /* MNCalendarViewCell.m */ = {isa = PBXFileReference; fileEncoding = 4; lastKnownFileType = sourcecode.c.objc; path = MNCalendarViewCell.m; sourceTree = "<group>"; };
		77CA03E119D9F4D400049169 /* MNCalendarViewDayCell.h */ = {isa = PBXFileReference; fileEncoding = 4; lastKnownFileType = sourcecode.c.h; path = MNCalendarViewDayCell.h; sourceTree = "<group>"; };
		77CA03E219D9F4D400049169 /* MNCalendarViewDayCell.m */ = {isa = PBXFileReference; fileEncoding = 4; lastKnownFileType = sourcecode.c.objc; path = MNCalendarViewDayCell.m; sourceTree = "<group>"; };
		77CA03E319D9F4D400049169 /* MNCalendarViewLayout.h */ = {isa = PBXFileReference; fileEncoding = 4; lastKnownFileType = sourcecode.c.h; path = MNCalendarViewLayout.h; sourceTree = "<group>"; };
		77CA03E419D9F4D400049169 /* MNCalendarViewLayout.m */ = {isa = PBXFileReference; fileEncoding = 4; lastKnownFileType = sourcecode.c.objc; path = MNCalendarViewLayout.m; sourceTree = "<group>"; };
		77CA03E519D9F4D400049169 /* MNCalendarViewWeekdayCell.h */ = {isa = PBXFileReference; fileEncoding = 4; lastKnownFileType = sourcecode.c.h; path = MNCalendarViewWeekdayCell.h; sourceTree = "<group>"; };
		77CA03E619D9F4D400049169 /* MNCalendarViewWeekdayCell.m */ = {isa = PBXFileReference; fileEncoding = 4; lastKnownFileType = sourcecode.c.objc; path = MNCalendarViewWeekdayCell.m; sourceTree = "<group>"; };
		77CA03E719D9F4D400049169 /* MNFastDateEnumeration.h */ = {isa = PBXFileReference; fileEncoding = 4; lastKnownFileType = sourcecode.c.h; path = MNFastDateEnumeration.h; sourceTree = "<group>"; };
		77CA03E819D9F4D400049169 /* MNFastDateEnumeration.m */ = {isa = PBXFileReference; fileEncoding = 4; lastKnownFileType = sourcecode.c.objc; path = MNFastDateEnumeration.m; sourceTree = "<group>"; };
		77CA03E919D9F4D400049169 /* NSDate+MNAdditions.h */ = {isa = PBXFileReference; fileEncoding = 4; lastKnownFileType = sourcecode.c.h; path = "NSDate+MNAdditions.h"; sourceTree = "<group>"; };
		77CA03EA19D9F4D400049169 /* NSDate+MNAdditions.m */ = {isa = PBXFileReference; fileEncoding = 4; lastKnownFileType = sourcecode.c.objc; path = "NSDate+MNAdditions.m"; sourceTree = "<group>"; };
/* End PBXFileReference section */

/* Begin PBXFrameworksBuildPhase section */
		77A92F3D19B69D9F00430C23 /* Frameworks */ = {
			isa = PBXFrameworksBuildPhase;
			buildActionMask = 2147483647;
			files = (
				77A4216B19ECED6A00773547 /* CoreData.framework in Frameworks */,
				77A9987119E7B6720021070B /* SystemConfiguration.framework in Frameworks */,
				77A92F4619B69D9F00430C23 /* CoreGraphics.framework in Frameworks */,
				77A92F4819B69D9F00430C23 /* UIKit.framework in Frameworks */,
				77A92F4419B69D9F00430C23 /* Foundation.framework in Frameworks */,
			);
			runOnlyForDeploymentPostprocessing = 0;
		};
		77A92F5E19B69D9F00430C23 /* Frameworks */ = {
			isa = PBXFrameworksBuildPhase;
			buildActionMask = 2147483647;
			files = (
				77A92F6319B69D9F00430C23 /* XCTest.framework in Frameworks */,
				77A92F6519B69D9F00430C23 /* UIKit.framework in Frameworks */,
				77A92F6419B69D9F00430C23 /* Foundation.framework in Frameworks */,
			);
			runOnlyForDeploymentPostprocessing = 0;
		};
/* End PBXFrameworksBuildPhase section */

/* Begin PBXGroup section */
		7728EA7B19EBA5090044B9E2 /* Custom Classes */ = {
			isa = PBXGroup;
			children = (
				7728EA7519EB493D0044B9E2 /* SegueAbleNavigationController.h */,
				7728EA7619EB493D0044B9E2 /* SegueAbleNavigationController.m */,
				77A4216F19EDB17A00773547 /* LoginNavController.h */,
				77A4217019EDB17A00773547 /* LoginNavController.m */,
			);
			name = "Custom Classes";
			sourceTree = "<group>";
		};
		7728EA8F19EBCD490044B9E2 /* Info Views */ = {
			isa = PBXGroup;
			children = (
				77A4217519EF692500773547 /* EventInfoViewController.h */,
				77A4217619EF692500773547 /* EventInfoViewController.m */,
				7728EA8C19EBCD450044B9E2 /* HelpPage.h */,
				7728EA8D19EBCD450044B9E2 /* HelpPage.m */,
			);
			name = "Info Views";
			sourceTree = "<group>";
		};
		77A92F3719B69D9F00430C23 = {
			isa = PBXGroup;
			children = (
				77A4218A19EF9AF500773547 /* Images.xcassets */,
				77A4216C19ECEDA900773547 /* UserInfoStore.xcdatamodeld */,
				77A9986D19E7B63B0021070B /* Reachability.h */,
				77A9986E19E7B63B0021070B /* Reachability.m */,
				77CA03D919D9F4D400049169 /* MNCalendarView */,
				77BE77E019B6E2DC00097F66 /* Resources */,
				77A92F4919B69D9F00430C23 /* UCLA IEEE */,
				77A92F6819B69D9F00430C23 /* UCLA IEEETests */,
				77A92F4219B69D9F00430C23 /* Frameworks */,
				77A92F4119B69D9F00430C23 /* Products */,
			);
			sourceTree = "<group>";
		};
		77A92F4119B69D9F00430C23 /* Products */ = {
			isa = PBXGroup;
			children = (
				77A92F4019B69D9F00430C23 /* UCLA IEEE.app */,
				77A92F6119B69D9F00430C23 /* UCLA IEEETests.xctest */,
			);
			name = Products;
			sourceTree = "<group>";
		};
		77A92F4219B69D9F00430C23 /* Frameworks */ = {
			isa = PBXGroup;
			children = (
				77A4216A19ECED6A00773547 /* CoreData.framework */,
				77A9987019E7B6720021070B /* SystemConfiguration.framework */,
				77A92F4319B69D9F00430C23 /* Foundation.framework */,
				77A92F4519B69D9F00430C23 /* CoreGraphics.framework */,
				77A92F4719B69D9F00430C23 /* UIKit.framework */,
				77A92F6219B69D9F00430C23 /* XCTest.framework */,
			);
			name = Frameworks;
			sourceTree = "<group>";
		};
		77A92F4919B69D9F00430C23 /* UCLA IEEE */ = {
			isa = PBXGroup;
			children = (
				7728EA7B19EBA5090044B9E2 /* Custom Classes */,
				77C127DC19C11A0F007E3F53 /* Data Structures */,
				77BE77F019B95F1F00097F66 /* ViewControllers */,
				77A92F8019B69E4000430C23 /* Server Calls */,
				77A92F5219B69D9F00430C23 /* AppDelegate.h */,
				77A92F5319B69D9F00430C23 /* AppDelegate.m */,
				77A92F7819B69DB700430C23 /* Main.storyboard */,
				77A92F5819B69D9F00430C23 /* ViewController.h */,
				77A92F5919B69D9F00430C23 /* ViewController.m */,
				77A92F5B19B69D9F00430C23 /* Images.xcassets */,
				77A92F4A19B69D9F00430C23 /* Supporting Files */,
			);
			path = "UCLA IEEE";
			sourceTree = "<group>";
		};
		77A92F4A19B69D9F00430C23 /* Supporting Files */ = {
			isa = PBXGroup;
			children = (
				77A92F4B19B69D9F00430C23 /* UCLA IEEE-Info.plist */,
				77A92F4C19B69D9F00430C23 /* InfoPlist.strings */,
				77A92F4F19B69D9F00430C23 /* main.m */,
				77A92F5119B69D9F00430C23 /* UCLA IEEE-Prefix.pch */,
			);
			name = "Supporting Files";
			sourceTree = "<group>";
		};
		77A92F6819B69D9F00430C23 /* UCLA IEEETests */ = {
			isa = PBXGroup;
			children = (
				77A92F6E19B69D9F00430C23 /* UCLA_IEEETests.m */,
				77A92F6919B69D9F00430C23 /* Supporting Files */,
			);
			path = "UCLA IEEETests";
			sourceTree = "<group>";
		};
		77A92F6919B69D9F00430C23 /* Supporting Files */ = {
			isa = PBXGroup;
			children = (
				77A92F6A19B69D9F00430C23 /* UCLA IEEETests-Info.plist */,
				77A92F6B19B69D9F00430C23 /* InfoPlist.strings */,
			);
			name = "Supporting Files";
			sourceTree = "<group>";
		};
		77A92F8019B69E4000430C23 /* Server Calls */ = {
			isa = PBXGroup;
			children = (
				77A92F7A19B69DF200430C23 /* DataManager.h */,
				77A92F7B19B69DF200430C23 /* DataManager.m */,
			);
			name = "Server Calls";
			sourceTree = "<group>";
		};
		77BE77E019B6E2DC00097F66 /* Resources */ = {
			isa = PBXGroup;
			children = (
				77A4217819EF746C00773547 /* bullhorn_30px.png */,
				77A4217919EF746C00773547 /* calendar_30px.png */,
				77A4218819EF75BA00773547 /* membershippage.png */,
				77A4217A19EF746C00773547 /* checkin_30px.png */,
				77A4217B19EF746C00773547 /* help_30px.png */,
				77A4217C19EF746C00773547 /* logout_30px.png */,
				77A4217D19EF746C00773547 /* member_30px.png */,
				77A4217E19EF746C00773547 /* points_30px.png */,
				77A4217F19EF746C00773547 /* star_30px.png */,
				7728EA6E19EA65000044B9E2 /* 44pxIEEE_Logo.jpeg */,
				7728EA7319EB2B6F0044B9E2 /* UCLA IEEE.png */,
				7728EA6C19EA5ED00044B9E2 /* 30pxTasksIcon.png */,
				7728EA6A19EA4DD80044B9E2 /* 30pxStarIcon.png */,
				77A6BEBD19E4F2B80049B4FD /* IEEE_logo.jpg */,
				77BE77E719B6E5CF00097F66 /* 30pxBellIcon.png */,
				77C127D719C1064C007E3F53 /* 30pxBarcodeIcon.png */,
				77BE77E819B6E5CF00097F66 /* 30pxCalendarIcon.png */,
				77BE77E919B6E5CF00097F66 /* 30pxProfileIcon.png */,
			);
			name = Resources;
			sourceTree = "<group>";
		};
		77BE77F019B95F1F00097F66 /* ViewControllers */ = {
			isa = PBXGroup;
			children = (
				7728EA8F19EBCD490044B9E2 /* Info Views */,
				77C127E019C11F38007E3F53 /* Login/Register Views */,
				77C127E119C11F9A007E3F53 /* Profile View/Edit Views */,
				77C127E219C11FCF007E3F53 /* Functionality Views */,
			);
			name = ViewControllers;
			path = ..;
			sourceTree = "<group>";
		};
		77C127DC19C11A0F007E3F53 /* Data Structures */ = {
			isa = PBXGroup;
			children = (
				7728EA7019EA66460044B9E2 /* NewsFeedItem.h */,
				7728EA7119EA66460044B9E2 /* NewsFeedItem.m */,
				77A9987219E7C1850021070B /* CalendarEvent.h */,
				77A9987319E7C1850021070B /* CalendarEvent.m */,
				77A92F7D19B69E3800430C23 /* UserInfo.h */,
				77A92F7E19B69E3800430C23 /* UserInfo.m */,
				77C127C219BBF52C007E3F53 /* Announcement.h */,
				77C127C319BBF52C007E3F53 /* Announcement.m */,
				77C127DD19C11A3E007E3F53 /* Event.h */,
				77C127DE19C11A3E007E3F53 /* Event.m */,
			);
			name = "Data Structures";
			sourceTree = "<group>";
		};
		77C127E019C11F38007E3F53 /* Login/Register Views */ = {
			isa = PBXGroup;
			children = (
				77BE77D619B6AD6900097F66 /* LoginViewController.h */,
				77BE77D719B6AD6900097F66 /* LoginViewController.m */,
				77BE77D319B6ACA300097F66 /* RegisterViewController.h */,
				77BE77D419B6ACA300097F66 /* RegisterViewController.m */,
			);
			name = "Login/Register Views";
			sourceTree = "<group>";
		};
		77C127E119C11F9A007E3F53 /* Profile View/Edit Views */ = {
			isa = PBXGroup;
			children = (
				77A4217219EDDC9400773547 /* EditYearViewController.h */,
				77A4217319EDDC9400773547 /* EditYearViewController.m */,
				77C1277819B998FE007E3F53 /* EditPasswordViewController.h */,
				77C1277919B998FE007E3F53 /* EditPasswordViewController.m */,
				77C1277519B9669E007E3F53 /* EditDetailsViewController.h */,
				77C1277619B9669E007E3F53 /* EditDetailsViewController.m */,
				77BE77ED19B95F1700097F66 /* ProfilePageViewController.h */,
				77BE77EE19B95F1700097F66 /* ProfilePageViewController.m */,
			);
			name = "Profile View/Edit Views";
			sourceTree = "<group>";
		};
		77C127E219C11FCF007E3F53 /* Functionality Views */ = {
			isa = PBXGroup;
			children = (
				7728EA6519EA33EB0044B9E2 /* FrontPageViewController.h */,
				7728EA6619EA33EB0044B9E2 /* FrontPageViewController.m */,
				77C127D919C109E7007E3F53 /* CheckInViewController.h */,
				77C127DA19C109E7007E3F53 /* CheckInViewController.m */,
				77C1277E19BA8E2F007E3F53 /* AnnouncementsTableViewController.h */,
				77C1277F19BA8E2F007E3F53 /* AnnouncementsTableViewController.m */,
				77C127C519BCDAC8007E3F53 /* CalendarViewController.h */,
				77C127C619BCDAC8007E3F53 /* CalendarViewController.m */,
			);
			name = "Functionality Views";
			sourceTree = "<group>";
		};
		77CA03D919D9F4D400049169 /* MNCalendarView */ = {
			isa = PBXGroup;
			children = (
				77CA03DA19D9F4D400049169 /* MNCalendarHeaderView.h */,
				77CA03DB19D9F4D400049169 /* MNCalendarHeaderView.m */,
				77CA03DC19D9F4D400049169 /* MNCalendarView-Prefix.pch */,
				77CA03DD19D9F4D400049169 /* MNCalendarView.h */,
				77CA03DE19D9F4D400049169 /* MNCalendarView.m */,
				77CA03DF19D9F4D400049169 /* MNCalendarViewCell.h */,
				77CA03E019D9F4D400049169 /* MNCalendarViewCell.m */,
				77CA03E119D9F4D400049169 /* MNCalendarViewDayCell.h */,
				77CA03E219D9F4D400049169 /* MNCalendarViewDayCell.m */,
				77CA03E319D9F4D400049169 /* MNCalendarViewLayout.h */,
				77CA03E419D9F4D400049169 /* MNCalendarViewLayout.m */,
				77CA03E519D9F4D400049169 /* MNCalendarViewWeekdayCell.h */,
				77CA03E619D9F4D400049169 /* MNCalendarViewWeekdayCell.m */,
				77CA03E719D9F4D400049169 /* MNFastDateEnumeration.h */,
				77CA03E819D9F4D400049169 /* MNFastDateEnumeration.m */,
				77CA03E919D9F4D400049169 /* NSDate+MNAdditions.h */,
				77CA03EA19D9F4D400049169 /* NSDate+MNAdditions.m */,
			);
			name = MNCalendarView;
			path = "../Calendars/MNCalendarView-master/MNCalendarView";
			sourceTree = "<group>";
		};
/* End PBXGroup section */

/* Begin PBXNativeTarget section */
		77A92F3F19B69D9F00430C23 /* UCLA IEEE */ = {
			isa = PBXNativeTarget;
			buildConfigurationList = 77A92F7219B69D9F00430C23 /* Build configuration list for PBXNativeTarget "UCLA IEEE" */;
			buildPhases = (
				77A92F3C19B69D9F00430C23 /* Sources */,
				77A92F3D19B69D9F00430C23 /* Frameworks */,
				77A92F3E19B69D9F00430C23 /* Resources */,
			);
			buildRules = (
			);
			dependencies = (
			);
			name = "UCLA IEEE";
			productName = "UCLA IEEE";
			productReference = 77A92F4019B69D9F00430C23 /* UCLA IEEE.app */;
			productType = "com.apple.product-type.application";
		};
		77A92F6019B69D9F00430C23 /* UCLA IEEETests */ = {
			isa = PBXNativeTarget;
			buildConfigurationList = 77A92F7519B69D9F00430C23 /* Build configuration list for PBXNativeTarget "UCLA IEEETests" */;
			buildPhases = (
				77A92F5D19B69D9F00430C23 /* Sources */,
				77A92F5E19B69D9F00430C23 /* Frameworks */,
				77A92F5F19B69D9F00430C23 /* Resources */,
			);
			buildRules = (
			);
			dependencies = (
				77A92F6719B69D9F00430C23 /* PBXTargetDependency */,
			);
			name = "UCLA IEEETests";
			productName = "UCLA IEEETests";
			productReference = 77A92F6119B69D9F00430C23 /* UCLA IEEETests.xctest */;
			productType = "com.apple.product-type.bundle.unit-test";
		};
/* End PBXNativeTarget section */

/* Begin PBXProject section */
		77A92F3819B69D9F00430C23 /* Project object */ = {
			isa = PBXProject;
			attributes = {
				LastUpgradeCheck = 0510;
				ORGANIZATIONNAME = "Aravind Vadali";
				TargetAttributes = {
					77A92F3F19B69D9F00430C23 = {
						DevelopmentTeam = AQ6F2VZP2L;
					};
					77A92F6019B69D9F00430C23 = {
						TestTargetID = 77A92F3F19B69D9F00430C23;
					};
				};
			};
			buildConfigurationList = 77A92F3B19B69D9F00430C23 /* Build configuration list for PBXProject "UCLA IEEE" */;
			compatibilityVersion = "Xcode 3.2";
			developmentRegion = English;
			hasScannedForEncodings = 0;
			knownRegions = (
				en,
				Base,
			);
			mainGroup = 77A92F3719B69D9F00430C23;
			productRefGroup = 77A92F4119B69D9F00430C23 /* Products */;
			projectDirPath = "";
			projectRoot = "";
			targets = (
				77A92F3F19B69D9F00430C23 /* UCLA IEEE */,
				77A92F6019B69D9F00430C23 /* UCLA IEEETests */,
			);
		};
/* End PBXProject section */

/* Begin PBXResourcesBuildPhase section */
		77A92F3E19B69D9F00430C23 /* Resources */ = {
			isa = PBXResourcesBuildPhase;
			buildActionMask = 2147483647;
			files = (
				7728EA7419EB2B6F0044B9E2 /* UCLA IEEE.png in Resources */,
				77BE77EB19B6E5CF00097F66 /* 30pxCalendarIcon.png in Resources */,
				77A4218219EF746C00773547 /* checkin_30px.png in Resources */,
				77A92F5C19B69D9F00430C23 /* Images.xcassets in Resources */,
				7728EA6D19EA5ED00044B9E2 /* 30pxTasksIcon.png in Resources */,
				77A92F4E19B69D9F00430C23 /* InfoPlist.strings in Resources */,
				77A4218119EF746C00773547 /* calendar_30px.png in Resources */,
				77A4218419EF746C00773547 /* logout_30px.png in Resources */,
				77A4218319EF746C00773547 /* help_30px.png in Resources */,
				77C127D819C1064C007E3F53 /* 30pxBarcodeIcon.png in Resources */,
				77A6BEBE19E4F2B80049B4FD /* IEEE_logo.jpg in Resources */,
				77A4218019EF746C00773547 /* bullhorn_30px.png in Resources */,
				77A4218619EF746C00773547 /* points_30px.png in Resources */,
				77BE77EC19B6E5CF00097F66 /* 30pxProfileIcon.png in Resources */,
				7728EA6B19EA4DD80044B9E2 /* 30pxStarIcon.png in Resources */,
				77A4218B19EF9AF500773547 /* Images.xcassets in Resources */,
				77A4218919EF75BA00773547 /* membershippage.png in Resources */,
				77BE77EA19B6E5CF00097F66 /* 30pxBellIcon.png in Resources */,
				7728EA6F19EA65000044B9E2 /* 44pxIEEE_Logo.jpeg in Resources */,
				77A92F7919B69DB700430C23 /* Main.storyboard in Resources */,
				77A4218519EF746C00773547 /* member_30px.png in Resources */,
				77A4218719EF746C00773547 /* star_30px.png in Resources */,
			);
			runOnlyForDeploymentPostprocessing = 0;
		};
		77A92F5F19B69D9F00430C23 /* Resources */ = {
			isa = PBXResourcesBuildPhase;
			buildActionMask = 2147483647;
			files = (
				77A92F6D19B69D9F00430C23 /* InfoPlist.strings in Resources */,
			);
			runOnlyForDeploymentPostprocessing = 0;
		};
/* End PBXResourcesBuildPhase section */

/* Begin PBXSourcesBuildPhase section */
		77A92F3C19B69D9F00430C23 /* Sources */ = {
			isa = PBXSourcesBuildPhase;
			buildActionMask = 2147483647;
			files = (
				7728EA7219EA66460044B9E2 /* NewsFeedItem.m in Sources */,
				77A9987419E7C1850021070B /* CalendarEvent.m in Sources */,
				77C127DB19C109E7007E3F53 /* CheckInViewController.m in Sources */,
				77A4217719EF692500773547 /* EventInfoViewController.m in Sources */,
				7728EA7719EB493D0044B9E2 /* SegueAbleNavigationController.m in Sources */,
				77CA03ED19D9F4D400049169 /* MNCalendarViewCell.m in Sources */,
				77C1277719B9669E007E3F53 /* EditDetailsViewController.m in Sources */,
				77CA03F019D9F4D400049169 /* MNCalendarViewWeekdayCell.m in Sources */,
				77CA03EC19D9F4D400049169 /* MNCalendarView.m in Sources */,
				77A92F5A19B69D9F00430C23 /* ViewController.m in Sources */,
				77A4217419EDDC9400773547 /* EditYearViewController.m in Sources */,
				7728EA6719EA33EB0044B9E2 /* FrontPageViewController.m in Sources */,
				77CA03F119D9F4D400049169 /* MNFastDateEnumeration.m in Sources */,
				7728EA8E19EBCD450044B9E2 /* HelpPage.m in Sources */,
				77C127DF19C11A3E007E3F53 /* Event.m in Sources */,
				77A4217119EDB17A00773547 /* LoginNavController.m in Sources */,
				77BE77D519B6ACA300097F66 /* RegisterViewController.m in Sources */,
				77A4216E19ECEDA900773547 /* UserInfoStore.xcdatamodeld in Sources */,
				77A92F7C19B69DF200430C23 /* DataManager.m in Sources */,
				77A9986F19E7B63B0021070B /* Reachability.m in Sources */,
				77C1277A19B998FE007E3F53 /* EditPasswordViewController.m in Sources */,
				77C127C719BCDAC8007E3F53 /* CalendarViewController.m in Sources */,
				77A92F5419B69D9F00430C23 /* AppDelegate.m in Sources */,
				77CA03EE19D9F4D400049169 /* MNCalendarViewDayCell.m in Sources */,
				77BE77D819B6AD6900097F66 /* LoginViewController.m in Sources */,
				77CA03EB19D9F4D400049169 /* MNCalendarHeaderView.m in Sources */,
				77C127C419BBF52C007E3F53 /* Announcement.m in Sources */,
				77CA03EF19D9F4D400049169 /* MNCalendarViewLayout.m in Sources */,
				77BE77EF19B95F1700097F66 /* ProfilePageViewController.m in Sources */,
				77A92F7F19B69E3800430C23 /* UserInfo.m in Sources */,
				77C1278019BA8E2F007E3F53 /* AnnouncementsTableViewController.m in Sources */,
				77CA03F219D9F4D400049169 /* NSDate+MNAdditions.m in Sources */,
				77A92F5019B69D9F00430C23 /* main.m in Sources */,
			);
			runOnlyForDeploymentPostprocessing = 0;
		};
		77A92F5D19B69D9F00430C23 /* Sources */ = {
			isa = PBXSourcesBuildPhase;
			buildActionMask = 2147483647;
			files = (
				77A92F6F19B69D9F00430C23 /* UCLA_IEEETests.m in Sources */,
			);
			runOnlyForDeploymentPostprocessing = 0;
		};
/* End PBXSourcesBuildPhase section */

/* Begin PBXTargetDependency section */
		77A92F6719B69D9F00430C23 /* PBXTargetDependency */ = {
			isa = PBXTargetDependency;
			target = 77A92F3F19B69D9F00430C23 /* UCLA IEEE */;
			targetProxy = 77A92F6619B69D9F00430C23 /* PBXContainerItemProxy */;
		};
/* End PBXTargetDependency section */

/* Begin PBXVariantGroup section */
		77A92F4C19B69D9F00430C23 /* InfoPlist.strings */ = {
			isa = PBXVariantGroup;
			children = (
				77A92F4D19B69D9F00430C23 /* en */,
			);
			name = InfoPlist.strings;
			sourceTree = "<group>";
		};
		77A92F6B19B69D9F00430C23 /* InfoPlist.strings */ = {
			isa = PBXVariantGroup;
			children = (
				77A92F6C19B69D9F00430C23 /* en */,
			);
			name = InfoPlist.strings;
			sourceTree = "<group>";
		};
/* End PBXVariantGroup section */

/* Begin XCBuildConfiguration section */
		77A92F7019B69D9F00430C23 /* Debug */ = {
			isa = XCBuildConfiguration;
			buildSettings = {
				ALWAYS_SEARCH_USER_PATHS = NO;
				CLANG_CXX_LANGUAGE_STANDARD = "gnu++0x";
				CLANG_CXX_LIBRARY = "libc++";
				CLANG_ENABLE_MODULES = YES;
				CLANG_ENABLE_OBJC_ARC = YES;
				CLANG_WARN_BOOL_CONVERSION = YES;
				CLANG_WARN_CONSTANT_CONVERSION = YES;
				CLANG_WARN_DIRECT_OBJC_ISA_USAGE = YES_ERROR;
				CLANG_WARN_EMPTY_BODY = YES;
				CLANG_WARN_ENUM_CONVERSION = YES;
				CLANG_WARN_INT_CONVERSION = YES;
				CLANG_WARN_OBJC_ROOT_CLASS = YES_ERROR;
				CLANG_WARN__DUPLICATE_METHOD_MATCH = YES;
				"CODE_SIGN_IDENTITY[sdk=iphoneos*]" = "iPhone Developer";
				COPY_PHASE_STRIP = NO;
				GCC_C_LANGUAGE_STANDARD = gnu99;
				GCC_DYNAMIC_NO_PIC = NO;
				GCC_OPTIMIZATION_LEVEL = 0;
				GCC_PREPROCESSOR_DEFINITIONS = (
					"DEBUG=1",
					"$(inherited)",
				);
				GCC_SYMBOLS_PRIVATE_EXTERN = NO;
				GCC_WARN_64_TO_32_BIT_CONVERSION = YES;
				GCC_WARN_ABOUT_RETURN_TYPE = YES_ERROR;
				GCC_WARN_UNDECLARED_SELECTOR = YES;
				GCC_WARN_UNINITIALIZED_AUTOS = YES_AGGRESSIVE;
				GCC_WARN_UNUSED_FUNCTION = YES;
				GCC_WARN_UNUSED_VARIABLE = YES;
				IPHONEOS_DEPLOYMENT_TARGET = 7.1;
				ONLY_ACTIVE_ARCH = YES;
				SDKROOT = iphoneos;
			};
			name = Debug;
		};
		77A92F7119B69D9F00430C23 /* Release */ = {
			isa = XCBuildConfiguration;
			buildSettings = {
				ALWAYS_SEARCH_USER_PATHS = NO;
				CLANG_CXX_LANGUAGE_STANDARD = "gnu++0x";
				CLANG_CXX_LIBRARY = "libc++";
				CLANG_ENABLE_MODULES = YES;
				CLANG_ENABLE_OBJC_ARC = YES;
				CLANG_WARN_BOOL_CONVERSION = YES;
				CLANG_WARN_CONSTANT_CONVERSION = YES;
				CLANG_WARN_DIRECT_OBJC_ISA_USAGE = YES_ERROR;
				CLANG_WARN_EMPTY_BODY = YES;
				CLANG_WARN_ENUM_CONVERSION = YES;
				CLANG_WARN_INT_CONVERSION = YES;
				CLANG_WARN_OBJC_ROOT_CLASS = YES_ERROR;
				CLANG_WARN__DUPLICATE_METHOD_MATCH = YES;
				"CODE_SIGN_IDENTITY[sdk=iphoneos*]" = "iPhone Developer";
				COPY_PHASE_STRIP = YES;
				ENABLE_NS_ASSERTIONS = NO;
				GCC_C_LANGUAGE_STANDARD = gnu99;
				GCC_WARN_64_TO_32_BIT_CONVERSION = YES;
				GCC_WARN_ABOUT_RETURN_TYPE = YES_ERROR;
				GCC_WARN_UNDECLARED_SELECTOR = YES;
				GCC_WARN_UNINITIALIZED_AUTOS = YES_AGGRESSIVE;
				GCC_WARN_UNUSED_FUNCTION = YES;
				GCC_WARN_UNUSED_VARIABLE = YES;
				IPHONEOS_DEPLOYMENT_TARGET = 7.1;
				SDKROOT = iphoneos;
				VALIDATE_PRODUCT = YES;
			};
			name = Release;
		};
		77A92F7319B69D9F00430C23 /* Debug */ = {
			isa = XCBuildConfiguration;
			buildSettings = {
				ASSETCATALOG_COMPILER_APPICON_NAME = AppIcon;
				ASSETCATALOG_COMPILER_LAUNCHIMAGE_NAME = LaunchImage;
				CODE_SIGN_IDENTITY = "iPhone Developer";
				"CODE_SIGN_IDENTITY[sdk=iphoneos*]" = "iPhone Developer";
				GCC_PRECOMPILE_PREFIX_HEADER = YES;
				GCC_PREFIX_HEADER = "UCLA IEEE/UCLA IEEE-Prefix.pch";
				INFOPLIST_FILE = "UCLA IEEE/UCLA IEEE-Info.plist";
				IPHONEOS_DEPLOYMENT_TARGET = 6.0;
				PRODUCT_NAME = "$(TARGET_NAME)";
				PROVISIONING_PROFILE = "";
				WRAPPER_EXTENSION = app;
			};
			name = Debug;
		};
		77A92F7419B69D9F00430C23 /* Release */ = {
			isa = XCBuildConfiguration;
			buildSettings = {
				ASSETCATALOG_COMPILER_APPICON_NAME = AppIcon;
				ASSETCATALOG_COMPILER_LAUNCHIMAGE_NAME = LaunchImage;
				CODE_SIGN_IDENTITY = "iPhone Developer";
				"CODE_SIGN_IDENTITY[sdk=iphoneos*]" = "iPhone Developer";
				GCC_PRECOMPILE_PREFIX_HEADER = YES;
				GCC_PREFIX_HEADER = "UCLA IEEE/UCLA IEEE-Prefix.pch";
				INFOPLIST_FILE = "UCLA IEEE/UCLA IEEE-Info.plist";
				IPHONEOS_DEPLOYMENT_TARGET = 6.0;
				PRODUCT_NAME = "$(TARGET_NAME)";
				PROVISIONING_PROFILE = "";
				WRAPPER_EXTENSION = app;
			};
			name = Release;
		};
		77A92F7619B69D9F00430C23 /* Debug */ = {
			isa = XCBuildConfiguration;
			buildSettings = {
				BUNDLE_LOADER = "$(BUILT_PRODUCTS_DIR)/UCLA IEEE.app/UCLA IEEE";
				FRAMEWORK_SEARCH_PATHS = (
					"$(SDKROOT)/Developer/Library/Frameworks",
					"$(inherited)",
					"$(DEVELOPER_FRAMEWORKS_DIR)",
				);
				GCC_PRECOMPILE_PREFIX_HEADER = YES;
				GCC_PREFIX_HEADER = "UCLA IEEE/UCLA IEEE-Prefix.pch";
				GCC_PREPROCESSOR_DEFINITIONS = (
					"DEBUG=1",
					"$(inherited)",
				);
				INFOPLIST_FILE = "UCLA IEEETests/UCLA IEEETests-Info.plist";
				PRODUCT_NAME = "$(TARGET_NAME)";
				TEST_HOST = "$(BUNDLE_LOADER)";
				WRAPPER_EXTENSION = xctest;
			};
			name = Debug;
		};
		77A92F7719B69D9F00430C23 /* Release */ = {
			isa = XCBuildConfiguration;
			buildSettings = {
				BUNDLE_LOADER = "$(BUILT_PRODUCTS_DIR)/UCLA IEEE.app/UCLA IEEE";
				FRAMEWORK_SEARCH_PATHS = (
					"$(SDKROOT)/Developer/Library/Frameworks",
					"$(inherited)",
					"$(DEVELOPER_FRAMEWORKS_DIR)",
				);
				GCC_PRECOMPILE_PREFIX_HEADER = YES;
				GCC_PREFIX_HEADER = "UCLA IEEE/UCLA IEEE-Prefix.pch";
				INFOPLIST_FILE = "UCLA IEEETests/UCLA IEEETests-Info.plist";
				PRODUCT_NAME = "$(TARGET_NAME)";
				TEST_HOST = "$(BUNDLE_LOADER)";
				WRAPPER_EXTENSION = xctest;
			};
			name = Release;
		};
/* End XCBuildConfiguration section */

/* Begin XCConfigurationList section */
		77A92F3B19B69D9F00430C23 /* Build configuration list for PBXProject "UCLA IEEE" */ = {
			isa = XCConfigurationList;
			buildConfigurations = (
				77A92F7019B69D9F00430C23 /* Debug */,
				77A92F7119B69D9F00430C23 /* Release */,
			);
			defaultConfigurationIsVisible = 0;
			defaultConfigurationName = Release;
		};
		77A92F7219B69D9F00430C23 /* Build configuration list for PBXNativeTarget "UCLA IEEE" */ = {
			isa = XCConfigurationList;
			buildConfigurations = (
				77A92F7319B69D9F00430C23 /* Debug */,
				77A92F7419B69D9F00430C23 /* Release */,
			);
			defaultConfigurationIsVisible = 0;
			defaultConfigurationName = Release;
		};
		77A92F7519B69D9F00430C23 /* Build configuration list for PBXNativeTarget "UCLA IEEETests" */ = {
			isa = XCConfigurationList;
			buildConfigurations = (
				77A92F7619B69D9F00430C23 /* Debug */,
				77A92F7719B69D9F00430C23 /* Release */,
			);
			defaultConfigurationIsVisible = 0;
			defaultConfigurationName = Release;
		};
/* End XCConfigurationList section */

/* Begin XCVersionGroup section */
		77A4216C19ECEDA900773547 /* UserInfoStore.xcdatamodeld */ = {
			isa = XCVersionGroup;
			children = (
				77A4216D19ECEDA900773547 /* UserInfoStore.xcdatamodel */,
			);
			currentVersion = 77A4216D19ECEDA900773547 /* UserInfoStore.xcdatamodel */;
			path = UserInfoStore.xcdatamodeld;
			sourceTree = "<group>";
			versionGroupType = wrapper.xcdatamodel;
		};
/* End XCVersionGroup section */
	};
	rootObject = 77A92F3819B69D9F00430C23 /* Project object */;
}
